
Microsoft Visual Studio Solution File, Format Version 12.00
# Visual Studio Version 17
VisualStudioVersion = 17.12.35514.174
MinimumVisualStudioVersion = 10.0.40219.1
Project("{FAE04EC0-301F-11D3-BF4B-00C04F79EFBC}") = "MediStoreManager", "MediStoreManager.csproj", "{C2468F75-19A9-48E8-A817-65EE3F8F0076}"
EndProject
Project("{FAE04EC0-301F-11D3-BF4B-00C04F79EFBC}") = "UnitTests", "..\UnitTests\UnitTests.csproj", "{0D2B2D22-338B-422F-A263-E6EA70E01AB2}"
EndProject
Global
	GlobalSection(SolutionConfigurationPlatforms) = preSolution
		Debug|Any CPU = Debug|Any CPU
		Release|Any CPU = Release|Any CPU
	EndGlobalSection
	GlobalSection(ProjectConfigurationPlatforms) = postSolution
		{C2468F75-19A9-48E8-A817-65EE3F8F0076}.Debug|Any CPU.ActiveCfg = Debug|Any CPU
		{C2468F75-19A9-48E8-A817-65EE3F8F0076}.Debug|Any CPU.Build.0 = Debug|Any CPU
		{C2468F75-19A9-48E8-A817-65EE3F8F0076}.Release|Any CPU.ActiveCfg = Release|Any CPU
		{C2468F75-19A9-48E8-A817-65EE3F8F0076}.Release|Any CPU.Build.0 = Release|Any CPU
		{0D2B2D22-338B-422F-A263-E6EA70E01AB2}.Debug|Any CPU.ActiveCfg = Debug|Any CPU
		{0D2B2D22-338B-422F-A263-E6EA70E01AB2}.Debug|Any CPU.Build.0 = Debug|Any CPU
		{0D2B2D22-338B-422F-A263-E6EA70E01AB2}.Release|Any CPU.ActiveCfg = Release|Any CPU
		{0D2B2D22-338B-422F-A263-E6EA70E01AB2}.Release|Any CPU.Build.0 = Release|Any CPU
	EndGlobalSection
	GlobalSection(SolutionProperties) = preSolution
		HideSolutionNode = FALSE
	EndGlobalSection
EndGlobal
